// !$*UTF8*$!
{
	archiveVersion = 1;
	classes = {
	};
	objectVersion = 46;
	objects = {

/* Begin PBXBuildFile section */
		B80FCF421D5609BC00E77BD6 /* AppDelegate.swift in Sources */ = {isa = PBXBuildFile; fileRef = B80FCF411D5609BC00E77BD6 /* AppDelegate.swift */; };
		B80FCF441D5609BC00E77BD6 /* ViewController.swift in Sources */ = {isa = PBXBuildFile; fileRef = B80FCF431D5609BC00E77BD6 /* ViewController.swift */; };
		B80FCF4A1D5609BC00E77BD6 /* Table_View.xcdatamodeld in Sources */ = {isa = PBXBuildFile; fileRef = B80FCF481D5609BC00E77BD6 /* Table_View.xcdatamodeld */; };
		B80FCF4C1D5609BC00E77BD6 /* Assets.xcassets in Resources */ = {isa = PBXBuildFile; fileRef = B80FCF4B1D5609BC00E77BD6 /* Assets.xcassets */; };
		B80FCF4F1D5609BC00E77BD6 /* LaunchScreen.storyboard in Resources */ = {isa = PBXBuildFile; fileRef = B80FCF4D1D5609BC00E77BD6 /* LaunchScreen.storyboard */; };
		B80FCF591D560AC100E77BD6 /* ic_add_box.png in Resources */ = {isa = PBXBuildFile; fileRef = B80FCF561D560AC100E77BD6 /* ic_add_box.png */; };
		B80FCF5A1D560AC100E77BD6 /* ic_dashboard.png in Resources */ = {isa = PBXBuildFile; fileRef = B80FCF571D560AC100E77BD6 /* ic_dashboard.png */; };
		B80FCF5B1D560AC100E77BD6 /* ic_list.png in Resources */ = {isa = PBXBuildFile; fileRef = B80FCF581D560AC100E77BD6 /* ic_list.png */; };
		B80FCF601D56138F00E77BD6 /* AddTodoViewController.swift in Sources */ = {isa = PBXBuildFile; fileRef = B80FCF5F1D56138F00E77BD6 /* AddTodoViewController.swift */; };
		B8A6E0241D5914F900646695 /* Todo+CoreDataProperties.swift in Sources */ = {isa = PBXBuildFile; fileRef = B8A6E0221D5914F900646695 /* Todo+CoreDataProperties.swift */; };
		B8A6E0251D5914F900646695 /* Todo.swift in Sources */ = {isa = PBXBuildFile; fileRef = B8A6E0231D5914F900646695 /* Todo.swift */; };
		B8B9DC9D1D56D0030035BC62 /* DetailViewController.swift in Sources */ = {isa = PBXBuildFile; fileRef = B8B9DC9C1D56D0030035BC62 /* DetailViewController.swift */; };
		B8B9DCA01D56DC3D0035BC62 /* Main.storyboard in Resources */ = {isa = PBXBuildFile; fileRef = B8B9DC9E1D56DC3D0035BC62 /* Main.storyboard */; };
		B8B9DCA71D56E2B70035BC62 /* TodoManager.swift in Sources */ = {isa = PBXBuildFile; fileRef = B8B9DCA61D56E2B70035BC62 /* TodoManager.swift */; };
/* End PBXBuildFile section */

/* Begin PBXFileReference section */
		B80FCF3E1D5609BC00E77BD6 /* Table View.app */ = {isa = PBXFileReference; explicitFileType = wrapper.application; includeInIndex = 0; path = "Table View.app"; sourceTree = BUILT_PRODUCTS_DIR; };
		B80FCF411D5609BC00E77BD6 /* AppDelegate.swift */ = {isa = PBXFileReference; lastKnownFileType = sourcecode.swift; path = AppDelegate.swift; sourceTree = "<group>"; };
		B80FCF431D5609BC00E77BD6 /* ViewController.swift */ = {isa = PBXFileReference; lastKnownFileType = sourcecode.swift; path = ViewController.swift; sourceTree = "<group>"; };
		B80FCF491D5609BC00E77BD6 /* Table_View.xcdatamodel */ = {isa = PBXFileReference; lastKnownFileType = wrapper.xcdatamodel; path = Table_View.xcdatamodel; sourceTree = "<group>"; };
		B80FCF4B1D5609BC00E77BD6 /* Assets.xcassets */ = {isa = PBXFileReference; lastKnownFileType = folder.assetcatalog; path = Assets.xcassets; sourceTree = "<group>"; };
		B80FCF4E1D5609BC00E77BD6 /* Base */ = {isa = PBXFileReference; lastKnownFileType = file.storyboard; name = Base; path = Base.lproj/LaunchScreen.storyboard; sourceTree = "<group>"; };
		B80FCF501D5609BC00E77BD6 /* Info.plist */ = {isa = PBXFileReference; lastKnownFileType = text.plist.xml; path = Info.plist; sourceTree = "<group>"; };
		B80FCF561D560AC100E77BD6 /* ic_add_box.png */ = {isa = PBXFileReference; lastKnownFileType = image.png; name = ic_add_box.png; path = ../ic_add_box.png; sourceTree = "<group>"; };
		B80FCF571D560AC100E77BD6 /* ic_dashboard.png */ = {isa = PBXFileReference; lastKnownFileType = image.png; name = ic_dashboard.png; path = ../ic_dashboard.png; sourceTree = "<group>"; };
		B80FCF581D560AC100E77BD6 /* ic_list.png */ = {isa = PBXFileReference; lastKnownFileType = image.png; name = ic_list.png; path = ../ic_list.png; sourceTree = "<group>"; };
		B80FCF5F1D56138F00E77BD6 /* AddTodoViewController.swift */ = {isa = PBXFileReference; fileEncoding = 4; lastKnownFileType = sourcecode.swift; path = AddTodoViewController.swift; sourceTree = "<group>"; };
		B8A6E0221D5914F900646695 /* Todo+CoreDataProperties.swift */ = {isa = PBXFileReference; fileEncoding = 4; lastKnownFileType = sourcecode.swift; path = "Todo+CoreDataProperties.swift"; sourceTree = "<group>"; };
		B8A6E0231D5914F900646695 /* Todo.swift */ = {isa = PBXFileReference; fileEncoding = 4; lastKnownFileType = sourcecode.swift; path = Todo.swift; sourceTree = "<group>"; };
		B8B9DC9C1D56D0030035BC62 /* DetailViewController.swift */ = {isa = PBXFileReference; fileEncoding = 4; lastKnownFileType = sourcecode.swift; path = DetailViewController.swift; sourceTree = "<group>"; };
		B8B9DC9F1D56DC3D0035BC62 /* Base */ = {isa = PBXFileReference; lastKnownFileType = file.storyboard; name = Base; path = Base.lproj/Main.storyboard; sourceTree = "<group>"; };
		B8B9DCA61D56E2B70035BC62 /* TodoManager.swift */ = {isa = PBXFileReference; fileEncoding = 4; lastKnownFileType = sourcecode.swift; path = TodoManager.swift; sourceTree = "<group>"; };
/* End PBXFileReference section */

/* Begin PBXFrameworksBuildPhase section */
		B80FCF3B1D5609BC00E77BD6 /* Frameworks */ = {
			isa = PBXFrameworksBuildPhase;
			buildActionMask = 2147483647;
			files = (
			);
			runOnlyForDeploymentPostprocessing = 0;
		};
/* End PBXFrameworksBuildPhase section */

/* Begin PBXGroup section */
		B80FCF351D5609BC00E77BD6 = {
			isa = PBXGroup;
			children = (
				B8A6E0221D5914F900646695 /* Todo+CoreDataProperties.swift */,
				B8A6E0231D5914F900646695 /* Todo.swift */,
				B80FCF401D5609BC00E77BD6 /* Table View */,
				B80FCF3F1D5609BC00E77BD6 /* Products */,
				B80FCF5C1D560AC800E77BD6 /* Icons */,
			);
			sourceTree = "<group>";
		};
		B80FCF3F1D5609BC00E77BD6 /* Products */ = {
			isa = PBXGroup;
			children = (
				B80FCF3E1D5609BC00E77BD6 /* Table View.app */,
			);
			name = Products;
			sourceTree = "<group>";
		};
		B80FCF401D5609BC00E77BD6 /* Table View */ = {
			isa = PBXGroup;
			children = (
				B8B9DCA51D56E0CC0035BC62 /* Entity */,
				B80FCF4B1D5609BC00E77BD6 /* Assets.xcassets */,
				B80FCF5F1D56138F00E77BD6 /* AddTodoViewController.swift */,
				B80FCF411D5609BC00E77BD6 /* AppDelegate.swift */,
				B8B9DC9C1D56D0030035BC62 /* DetailViewController.swift */,
				B80FCF501D5609BC00E77BD6 /* Info.plist */,
				B80FCF4D1D5609BC00E77BD6 /* LaunchScreen.storyboard */,
				B8B9DC9E1D56DC3D0035BC62 /* Main.storyboard */,
				B8B9DCA61D56E2B70035BC62 /* TodoManager.swift */,
				B80FCF431D5609BC00E77BD6 /* ViewController.swift */,
				B80FCF481D5609BC00E77BD6 /* Table_View.xcdatamodeld */,
			);
			path = "Table View";
			sourceTree = "<group>";
		};
		B80FCF5C1D560AC800E77BD6 /* Icons */ = {
			isa = PBXGroup;
			children = (
				B80FCF561D560AC100E77BD6 /* ic_add_box.png */,
				B80FCF571D560AC100E77BD6 /* ic_dashboard.png */,
				B80FCF581D560AC100E77BD6 /* ic_list.png */,
			);
			name = Icons;
			path = "Table View";
			sourceTree = "<group>";
		};
		B8B9DCA51D56E0CC0035BC62 /* Entity */ = {
			isa = PBXGroup;
			children = (
			);
			name = Entity;
			sourceTree = "<group>";
		};
/* End PBXGroup section */

/* Begin PBXNativeTarget section */
		B80FCF3D1D5609BC00E77BD6 /* Table View */ = {
			isa = PBXNativeTarget;
			buildConfigurationList = B80FCF531D5609BC00E77BD6 /* Build configuration list for PBXNativeTarget "Table View" */;
			buildPhases = (
				B80FCF3A1D5609BC00E77BD6 /* Sources */,
				B80FCF3B1D5609BC00E77BD6 /* Frameworks */,
				B80FCF3C1D5609BC00E77BD6 /* Resources */,
			);
			buildRules = (
			);
			dependencies = (
			);
			name = "Table View";
			productName = "Table View";
			productReference = B80FCF3E1D5609BC00E77BD6 /* Table View.app */;
			productType = "com.apple.product-type.application";
		};
/* End PBXNativeTarget section */

/* Begin PBXProject section */
		B80FCF361D5609BC00E77BD6 /* Project object */ = {
			isa = PBXProject;
			attributes = {
				LastSwiftUpdateCheck = 0730;
				LastUpgradeCheck = 0730;
				ORGANIZATIONNAME = "Sean Scarmack";
				TargetAttributes = {
					B80FCF3D1D5609BC00E77BD6 = {
						CreatedOnToolsVersion = 7.3.1;
					};
				};
			};
			buildConfigurationList = B80FCF391D5609BC00E77BD6 /* Build configuration list for PBXProject "Table View" */;
			compatibilityVersion = "Xcode 3.2";
			developmentRegion = English;
			hasScannedForEncodings = 0;
			knownRegions = (
				en,
				Base,
			);
			mainGroup = B80FCF351D5609BC00E77BD6;
			productRefGroup = B80FCF3F1D5609BC00E77BD6 /* Products */;
			projectDirPath = "";
			projectRoot = "";
			targets = (
				B80FCF3D1D5609BC00E77BD6 /* Table View */,
			);
		};
/* End PBXProject section */

/* Begin PBXResourcesBuildPhase section */
		B80FCF3C1D5609BC00E77BD6 /* Resources */ = {
			isa = PBXResourcesBuildPhase;
			buildActionMask = 2147483647;
			files = (
				B80FCF5A1D560AC100E77BD6 /* ic_dashboard.png in Resources */,
				B80FCF4F1D5609BC00E77BD6 /* LaunchScreen.storyboard in Resources */,
				B80FCF591D560AC100E77BD6 /* ic_add_box.png in Resources */,
				B8B9DCA01D56DC3D0035BC62 /* Main.storyboard in Resources */,
				B80FCF4C1D5609BC00E77BD6 /* Assets.xcassets in Resources */,
				B80FCF5B1D560AC100E77BD6 /* ic_list.png in Resources */,
			);
			runOnlyForDeploymentPostprocessing = 0;
		};
/* End PBXResourcesBuildPhase section */

/* Begin PBXSourcesBuildPhase section */
		B80FCF3A1D5609BC00E77BD6 /* Sources */ = {
			isa = PBXSourcesBuildPhase;
			buildActionMask = 2147483647;
			files = (
				B80FCF441D5609BC00E77BD6 /* ViewController.swift in Sources */,
				B80FCF601D56138F00E77BD6 /* AddTodoViewController.swift in Sources */,
				B80FCF421D5609BC00E77BD6 /* AppDelegate.swift in Sources */,
				B8A6E0251D5914F900646695 /* Todo.swift in Sources */,
				B8A6E0241D5914F900646695 /* Todo+CoreDataProperties.swift in Sources */,
				B8B9DC9D1D56D0030035BC62 /* DetailViewController.swift in Sources */,
				B8B9DCA71D56E2B70035BC62 /* TodoManager.swift in Sources */,
				B80FCF4A1D5609BC00E77BD6 /* Table_View.xcdatamodeld in Sources */,
			);
			runOnlyForDeploymentPostprocessing = 0;
		};
/* End PBXSourcesBuildPhase section */

/* Begin PBXVariantGroup section */
		B80FCF4D1D5609BC00E77BD6 /* LaunchScreen.storyboard */ = {
			isa = PBXVariantGroup;
			children = (
				B80FCF4E1D5609BC00E77BD6 /* Base */,
			);
			name = LaunchScreen.storyboard;
			sourceTree = "<group>";
		};
		B8B9DC9E1D56DC3D0035BC62 /* Main.storyboard */ = {
			isa = PBXVariantGroup;
			children = (
				B8B9DC9F1D56DC3D0035BC62 /* Base */,
			);
			name = Main.storyboard;
			sourceTree = "<group>";
		};
/* End PBXVariantGroup section */

/* Begin XCBuildConfiguration section */
		B80FCF511D5609BC00E77BD6 /* Debug */ = {
			isa = XCBuildConfiguration;
			buildSettings = {
				ALWAYS_SEARCH_USER_PATHS = NO;
				CLANG_ANALYZER_NONNULL = YES;
				CLANG_CXX_LANGUAGE_STANDARD = "gnu++0x";
				CLANG_CXX_LIBRARY = "libc++";
				CLANG_ENABLE_MODULES = YES;
				CLANG_ENABLE_OBJC_ARC = YES;
				CLANG_WARN_BOOL_CONVERSION = YES;
				CLANG_WARN_CONSTANT_CONVERSION = YES;
				CLANG_WARN_DIRECT_OBJC_ISA_USAGE = YES_ERROR;
				CLANG_WARN_EMPTY_BODY = YES;
				CLANG_WARN_ENUM_CONVERSION = YES;
				CLANG_WARN_INT_CONVERSION = YES;
				CLANG_WARN_OBJC_ROOT_CLASS = YES_ERROR;
				CLANG_WARN_UNREACHABLE_CODE = YES;
				CLANG_WARN__DUPLICATE_METHOD_MATCH = YES;
				"CODE_SIGN_IDENTITY[sdk=iphoneos*]" = "iPhone Developer";
				COPY_PHASE_STRIP = NO;
				DEBUG_INFORMATION_FORMAT = dwarf;
				ENABLE_STRICT_OBJC_MSGSEND = YES;
				ENABLE_TESTABILITY = YES;
				GCC_C_LANGUAGE_STANDARD = gnu99;
				GCC_DYNAMIC_NO_PIC = NO;
				GCC_NO_COMMON_BLOCKS = YES;
				GCC_OPTIMIZATION_LEVEL = 0;
				GCC_PREPROCESSOR_DEFINITIONS = (
					"DEBUG=1",
					"$(inherited)",
				);
				GCC_WARN_64_TO_32_BIT_CONVERSION = YES;
				GCC_WARN_ABOUT_RETURN_TYPE = YES_ERROR;
				GCC_WARN_UNDECLARED_SELECTOR = YES;
				GCC_WARN_UNINITIALIZED_AUTOS = YES_AGGRESSIVE;
				GCC_WARN_UNUSED_FUNCTION = YES;
				GCC_WARN_UNUSED_VARIABLE = YES;
				IPHONEOS_DEPLOYMENT_TARGET = 9.3;
				MTL_ENABLE_DEBUG_INFO = YES;
				ONLY_ACTIVE_ARCH = YES;
				SDKROOT = iphoneos;
				SWIFT_OPTIMIZATION_LEVEL = "-Onone";
			};
			name = Debug;
		};
		B80FCF521D5609BC00E77BD6 /* Release */ = {
			isa = XCBuildConfiguration;
			buildSettings = {
				ALWAYS_SEARCH_USER_PATHS = NO;
				CLANG_ANALYZER_NONNULL = YES;
				CLANG_CXX_LANGUAGE_STANDARD = "gnu++0x";
				CLANG_CXX_LIBRARY = "libc++";
				CLANG_ENABLE_MODULES = YES;
				CLANG_ENABLE_OBJC_ARC = YES;
				CLANG_WARN_BOOL_CONVERSION = YES;
				CLANG_WARN_CONSTANT_CONVERSION = YES;
				CLANG_WARN_DIRECT_OBJC_ISA_USAGE = YES_ERROR;
				CLANG_WARN_EMPTY_BODY = YES;
				CLANG_WARN_ENUM_CONVERSION = YES;
				CLANG_WARN_INT_CONVERSION = YES;
				CLANG_WARN_OBJC_ROOT_CLASS = YES_ERROR;
				CLANG_WARN_UNREACHABLE_CODE = YES;
				CLANG_WARN__DUPLICATE_METHOD_MATCH = YES;
				"CODE_SIGN_IDENTITY[sdk=iphoneos*]" = "iPhone Developer";
				COPY_PHASE_STRIP = NO;
				DEBUG_INFORMATION_FORMAT = "dwarf-with-dsym";
				ENABLE_NS_ASSERTIONS = NO;
				ENABLE_STRICT_OBJC_MSGSEND = YES;
				GCC_C_LANGUAGE_STANDARD = gnu99;
				GCC_NO_COMMON_BLOCKS = YES;
				GCC_WARN_64_TO_32_BIT_CONVERSION = YES;
				GCC_WARN_ABOUT_RETURN_TYPE = YES_ERROR;
				GCC_WARN_UNDECLARED_SELECTOR = YES;
				GCC_WARN_UNINITIALIZED_AUTOS = YES_AGGRESSIVE;
				GCC_WARN_UNUSED_FUNCTION = YES;
				GCC_WARN_UNUSED_VARIABLE = YES;
				IPHONEOS_DEPLOYMENT_TARGET = 9.3;
				MTL_ENABLE_DEBUG_INFO = NO;
				SDKROOT = iphoneos;
				VALIDATE_PRODUCT = YES;
			};
			name = Release;
		};
		B80FCF541D5609BC00E77BD6 /* Debug */ = {
			isa = XCBuildConfiguration;
			buildSettings = {
				ASSETCATALOG_COMPILER_APPICON_NAME = AppIcon;
				INFOPLIST_FILE = "Table View/Info.plist";
				LD_RUNPATH_SEARCH_PATHS = "$(inherited) @executable_path/Frameworks";
				PRODUCT_BUNDLE_IDENTIFIER = "com.ss.Table-View";
				PRODUCT_NAME = "$(TARGET_NAME)";
			};
			name = Debug;
		};
		B80FCF551D5609BC00E77BD6 /* Release */ = {
			isa = XCBuildConfiguration;
			buildSettings = {
				ASSETCATALOG_COMPILER_APPICON_NAME = AppIcon;
				INFOPLIST_FILE = "Table View/Info.plist";
				LD_RUNPATH_SEARCH_PATHS = "$(inherited) @executable_path/Frameworks";
				PRODUCT_BUNDLE_IDENTIFIER = "com.ss.Table-View";
				PRODUCT_NAME = "$(TARGET_NAME)";
			};
			name = Release;
		};
/* End XCBuildConfiguration section */

/* Begin XCConfigurationList section */
		B80FCF391D5609BC00E77BD6 /* Build configuration list for PBXProject "Table View" */ = {
			isa = XCConfigurationList;
			buildConfigurations = (
				B80FCF511D5609BC00E77BD6 /* Debug */,
				B80FCF521D5609BC00E77BD6 /* Release */,
			);
			defaultConfigurationIsVisible = 0;
			defaultConfigurationName = Release;
		};
		B80FCF531D5609BC00E77BD6 /* Build configuration list for PBXNativeTarget "Table View" */ = {
			isa = XCConfigurationList;
			buildConfigurations = (
				B80FCF541D5609BC00E77BD6 /* Debug */,
				B80FCF551D5609BC00E77BD6 /* Release */,
			);
			defaultConfigurationIsVisible = 0;
			defaultConfigurationName = Release;
		};
/* End XCConfigurationList section */

/* Begin XCVersionGroup section */
		B80FCF481D5609BC00E77BD6 /* Table_View.xcdatamodeld */ = {
			isa = XCVersionGroup;
			children = (
				B80FCF491D5609BC00E77BD6 /* Table_View.xcdatamodel */,
			);
			currentVersion = B80FCF491D5609BC00E77BD6 /* Table_View.xcdatamodel */;
			path = Table_View.xcdatamodeld;
			sourceTree = "<group>";
			versionGroupType = wrapper.xcdatamodel;
		};
/* End XCVersionGroup section */
	};
	rootObject = B80FCF361D5609BC00E77BD6 /* Project object */;
}
